
Microsoft Visual Studio Solution File, Format Version 12.00
# Visual Studio Version 17
VisualStudioVersion = 17.14.36203.30 d17.14
MinimumVisualStudioVersion = 10.0.40219.1
Project("{FAE04EC0-301F-11D3-BF4B-00C04F79EFBC}") = "Stacklt_Odoo", "Stacklt_Odoo.csproj", "{A26443C4-D877-47F4-9347-A6EB32CB619C}"
EndProject
Global
	GlobalSection(SolutionConfigurationPlatforms) = preSolution
		Debug|Any CPU = Debug|Any CPU
		Release|Any CPU = Release|Any CPU
	EndGlobalSection
	GlobalSection(ProjectConfigurationPlatforms) = postSolution
		{A26443C4-D877-47F4-9347-A6EB32CB619C}.Debug|Any CPU.ActiveCfg = Debug|Any CPU
		{A26443C4-D877-47F4-9347-A6EB32CB619C}.Debug|Any CPU.Build.0 = Debug|Any CPU
		{A26443C4-D877-47F4-9347-A6EB32CB619C}.Release|Any CPU.ActiveCfg = Release|Any CPU
		{A26443C4-D877-47F4-9347-A6EB32CB619C}.Release|Any CPU.Build.0 = Release|Any CPU
	EndGlobalSection
	GlobalSection(SolutionProperties) = preSolution
		HideSolutionNode = FALSE
	EndGlobalSection
	GlobalSection(ExtensibilityGlobals) = postSolution
		SolutionGuid = {CB625135-33D7-4B13-A8BE-B2E9F7E2F8F3}
	EndGlobalSection
EndGlobal
